// !$*UTF8*$!
{
	archiveVersion = 1;
	classes = {
	};
	objectVersion = 46;
	objects = {

/* Begin PBXBuildFile section */
		1496633C1E91B7AA0095D75F /* AppDelegate.swift in Sources */ = {isa = PBXBuildFile; fileRef = 1496633B1E91B7AA0095D75F /* AppDelegate.swift */; };
		1496633E1E91B7AA0095D75F /* ViewController.swift in Sources */ = {isa = PBXBuildFile; fileRef = 1496633D1E91B7AA0095D75F /* ViewController.swift */; };
		149663411E91B7AA0095D75F /* Main.storyboard in Resources */ = {isa = PBXBuildFile; fileRef = 1496633F1E91B7AA0095D75F /* Main.storyboard */; };
		149663431E91B7AA0095D75F /* Assets.xcassets in Resources */ = {isa = PBXBuildFile; fileRef = 149663421E91B7AA0095D75F /* Assets.xcassets */; };
		149663461E91B7AA0095D75F /* LaunchScreen.storyboard in Resources */ = {isa = PBXBuildFile; fileRef = 149663441E91B7AA0095D75F /* LaunchScreen.storyboard */; };
		1496634E1E91C8B80095D75F /* DefinitionViewController.swift in Sources */ = {isa = PBXBuildFile; fileRef = 1496634D1E91C8B80095D75F /* DefinitionViewController.swift */; };
/* End PBXBuildFile section */

/* Begin PBXFileReference section */
		149663381E91B7AA0095D75F /* Emoji Dictionary.app */ = {isa = PBXFileReference; explicitFileType = wrapper.application; includeInIndex = 0; path = "Emoji Dictionary.app"; sourceTree = BUILT_PRODUCTS_DIR; };
		1496633B1E91B7AA0095D75F /* AppDelegate.swift */ = {isa = PBXFileReference; lastKnownFileType = sourcecode.swift; path = AppDelegate.swift; sourceTree = "<group>"; };
		1496633D1E91B7AA0095D75F /* ViewController.swift */ = {isa = PBXFileReference; lastKnownFileType = sourcecode.swift; path = ViewController.swift; sourceTree = "<group>"; };
		149663401E91B7AA0095D75F /* Base */ = {isa = PBXFileReference; lastKnownFileType = file.storyboard; name = Base; path = Base.lproj/Main.storyboard; sourceTree = "<group>"; };
		149663421E91B7AA0095D75F /* Assets.xcassets */ = {isa = PBXFileReference; lastKnownFileType = folder.assetcatalog; path = Assets.xcassets; sourceTree = "<group>"; };
		149663451E91B7AA0095D75F /* Base */ = {isa = PBXFileReference; lastKnownFileType = file.storyboard; name = Base; path = Base.lproj/LaunchScreen.storyboard; sourceTree = "<group>"; };
		149663471E91B7AA0095D75F /* Info.plist */ = {isa = PBXFileReference; lastKnownFileType = text.plist.xml; path = Info.plist; sourceTree = "<group>"; };
		1496634D1E91C8B80095D75F /* DefinitionViewController.swift */ = {isa = PBXFileReference; fileEncoding = 4; lastKnownFileType = sourcecode.swift; path = DefinitionViewController.swift; sourceTree = "<group>"; };
/* End PBXFileReference section */

/* Begin PBXFrameworksBuildPhase section */
		149663351E91B7AA0095D75F /* Frameworks */ = {
			isa = PBXFrameworksBuildPhase;
			buildActionMask = 2147483647;
			files = (
			);
			runOnlyForDeploymentPostprocessing = 0;
		};
/* End PBXFrameworksBuildPhase section */

/* Begin PBXGroup section */
		1496632F1E91B7AA0095D75F = {
			isa = PBXGroup;
			children = (
				1496633A1E91B7AA0095D75F /* Emoji Dictionary */,
				149663391E91B7AA0095D75F /* Products */,
			);
			sourceTree = "<group>";
		};
		149663391E91B7AA0095D75F /* Products */ = {
			isa = PBXGroup;
			children = (
				149663381E91B7AA0095D75F /* Emoji Dictionary.app */,
			);
			name = Products;
			sourceTree = "<group>";
		};
		1496633A1E91B7AA0095D75F /* Emoji Dictionary */ = {
			isa = PBXGroup;
			children = (
				1496633B1E91B7AA0095D75F /* AppDelegate.swift */,
				1496633D1E91B7AA0095D75F /* ViewController.swift */,
				1496633F1E91B7AA0095D75F /* Main.storyboard */,
				1496634D1E91C8B80095D75F /* DefinitionViewController.swift */,
				149663421E91B7AA0095D75F /* Assets.xcassets */,
				149663441E91B7AA0095D75F /* LaunchScreen.storyboard */,
				149663471E91B7AA0095D75F /* Info.plist */,
			);
			path = "Emoji Dictionary";
			sourceTree = "<group>";
		};
/* End PBXGroup section */

/* Begin PBXNativeTarget section */
		149663371E91B7AA0095D75F /* Emoji Dictionary */ = {
			isa = PBXNativeTarget;
			buildConfigurationList = 1496634A1E91B7AA0095D75F /* Build configuration list for PBXNativeTarget "Emoji Dictionary" */;
			buildPhases = (
				149663341E91B7AA0095D75F /* Sources */,
				149663351E91B7AA0095D75F /* Frameworks */,
				149663361E91B7AA0095D75F /* Resources */,
			);
			buildRules = (
			);
			dependencies = (
			);
			name = "Emoji Dictionary";
			productName = "Emoji Dictionary";
			productReference = 149663381E91B7AA0095D75F /* Emoji Dictionary.app */;
			productType = "com.apple.product-type.application";
		};
/* End PBXNativeTarget section */

/* Begin PBXProject section */
		149663301E91B7AA0095D75F /* Project object */ = {
			isa = PBXProject;
			attributes = {
				LastSwiftUpdateCheck = 0730;
				LastUpgradeCheck = 0730;
				ORGANIZATIONNAME = "Hernandez,Jordi A";
				TargetAttributes = {
					149663371E91B7AA0095D75F = {
						CreatedOnToolsVersion = 7.3.1;
					};
				};
			};
			buildConfigurationList = 149663331E91B7AA0095D75F /* Build configuration list for PBXProject "Emoji Dictionary" */;
			compatibilityVersion = "Xcode 3.2";
			developmentRegion = English;
			hasScannedForEncodings = 0;
			knownRegions = (
				en,
				Base,
			);
			mainGroup = 1496632F1E91B7AA0095D75F;
			productRefGroup = 149663391E91B7AA0095D75F /* Products */;
			projectDirPath = "";
			projectRoot = "";
			targets = (
				149663371E91B7AA0095D75F /* Emoji Dictionary */,
			);
		};
/* End PBXProject section */

/* Begin PBXResourcesBuildPhase section */
		149663361E91B7AA0095D75F /* Resources */ = {
			isa = PBXResourcesBuildPhase;
			buildActionMask = 2147483647;
			files = (
				149663461E91B7AA0095D75F /* LaunchScreen.storyboard in Resources */,
				149663431E91B7AA0095D75F /* Assets.xcassets in Resources */,
				149663411E91B7AA0095D75F /* Main.storyboard in Resources */,
			);
			runOnlyForDeploymentPostprocessing = 0;
		};
/* End PBXResourcesBuildPhase section */

/* Begin PBXSourcesBuildPhase section */
		149663341E91B7AA0095D75F /* Sources */ = {
			isa = PBXSourcesBuildPhase;
			buildActionMask = 2147483647;
			files = (
				1496633E1E91B7AA0095D75F /* ViewController.swift in Sources */,
				1496634E1E91C8B80095D75F /* DefinitionViewController.swift in Sources */,
				1496633C1E91B7AA0095D75F /* AppDelegate.swift in Sources */,
			);
			runOnlyForDeploymentPostprocessing = 0;
		};
/* End PBXSourcesBuildPhase section */

/* Begin PBXVariantGroup section */
		1496633F1E91B7AA0095D75F /* Main.storyboard */ = {
			isa = PBXVariantGroup;
			children = (
				149663401E91B7AA0095D75F /* Base */,
			);
			name = Main.storyboard;
			sourceTree = "<group>";
		};
		149663441E91B7AA0095D75F /* LaunchScreen.storyboard */ = {
			isa = PBXVariantGroup;
			children = (
				149663451E91B7AA0095D75F /* Base */,
			);
			name = LaunchScreen.storyboard;
			sourceTree = "<group>";
		};
/* End PBXVariantGroup section */

/* Begin XCBuildConfiguration section */
		149663481E91B7AA0095D75F /* Debug */ = {
			isa = XCBuildConfiguration;
			buildSettings = {
				ALWAYS_SEARCH_USER_PATHS = NO;
				CLANG_ANALYZER_NONNULL = YES;
				CLANG_CXX_LANGUAGE_STANDARD = "gnu++0x";
				CLANG_CXX_LIBRARY = "libc++";
				CLANG_ENABLE_MODULES = YES;
				CLANG_ENABLE_OBJC_ARC = YES;
				CLANG_WARN_BOOL_CONVERSION = YES;
				CLANG_WARN_CONSTANT_CONVERSION = YES;
				CLANG_WARN_DIRECT_OBJC_ISA_USAGE = YES_ERROR;
				CLANG_WARN_EMPTY_BODY = YES;
				CLANG_WARN_ENUM_CONVERSION = YES;
				CLANG_WARN_INT_CONVERSION = YES;
				CLANG_WARN_OBJC_ROOT_CLASS = YES_ERROR;
				CLANG_WARN_UNREACHABLE_CODE = YES;
				CLANG_WARN__DUPLICATE_METHOD_MATCH = YES;
				"CODE_SIGN_IDENTITY[sdk=iphoneos*]" = "iPhone Developer";
				COPY_PHASE_STRIP = NO;
				DEBUG_INFORMATION_FORMAT = dwarf;
				ENABLE_STRICT_OBJC_MSGSEND = YES;
				ENABLE_TESTABILITY = YES;
				GCC_C_LANGUAGE_STANDARD = gnu99;
				GCC_DYNAMIC_NO_PIC = NO;
				GCC_NO_COMMON_BLOCKS = YES;
				GCC_OPTIMIZATION_LEVEL = 0;
				GCC_PREPROCESSOR_DEFINITIONS = (
					"DEBUG=1",
					"$(inherited)",
				);
				GCC_WARN_64_TO_32_BIT_CONVERSION = YES;
				GCC_WARN_ABOUT_RETURN_TYPE = YES_ERROR;
				GCC_WARN_UNDECLARED_SELECTOR = YES;
				GCC_WARN_UNINITIALIZED_AUTOS = YES_AGGRESSIVE;
				GCC_WARN_UNUSED_FUNCTION = YES;
				GCC_WARN_UNUSED_VARIABLE = YES;
				IPHONEOS_DEPLOYMENT_TARGET = 9.3;
				MTL_ENABLE_DEBUG_INFO = YES;
				ONLY_ACTIVE_ARCH = YES;
				SDKROOT = iphoneos;
				SWIFT_OPTIMIZATION_LEVEL = "-Onone";
				TARGETED_DEVICE_FAMILY = "1,2";
			};
			name = Debug;
		};
		149663491E91B7AA0095D75F /* Release */ = {
			isa = XCBuildConfiguration;
			buildSettings = {
				ALWAYS_SEARCH_USER_PATHS = NO;
				CLANG_ANALYZER_NONNULL = YES;
				CLANG_CXX_LANGUAGE_STANDARD = "gnu++0x";
				CLANG_CXX_LIBRARY = "libc++";
				CLANG_ENABLE_MODULES = YES;
				CLANG_ENABLE_OBJC_ARC = YES;
				CLANG_WARN_BOOL_CONVERSION = YES;
				CLANG_WARN_CONSTANT_CONVERSION = YES;
				CLANG_WARN_DIRECT_OBJC_ISA_USAGE = YES_ERROR;
				CLANG_WARN_EMPTY_BODY = YES;
				CLANG_WARN_ENUM_CONVERSION = YES;
				CLANG_WARN_INT_CONVERSION = YES;
				CLANG_WARN_OBJC_ROOT_CLASS = YES_ERROR;
				CLANG_WARN_UNREACHABLE_CODE = YES;
				CLANG_WARN__DUPLICATE_METHOD_MATCH = YES;
				"CODE_SIGN_IDENTITY[sdk=iphoneos*]" = "iPhone Developer";
				COPY_PHASE_STRIP = NO;
				DEBUG_INFORMATION_FORMAT = "dwarf-with-dsym";
				ENABLE_NS_ASSERTIONS = NO;
				ENABLE_STRICT_OBJC_MSGSEND = YES;
				GCC_C_LANGUAGE_STANDARD = gnu99;
				GCC_NO_COMMON_BLOCKS = YES;
				GCC_WARN_64_TO_32_BIT_CONVERSION = YES;
				GCC_WARN_ABOUT_RETURN_TYPE = YES_ERROR;
				GCC_WARN_UNDECLARED_SELECTOR = YES;
				GCC_WARN_UNINITIALIZED_AUTOS = YES_AGGRESSIVE;
				GCC_WARN_UNUSED_FUNCTION = YES;
				GCC_WARN_UNUSED_VARIABLE = YES;
				IPHONEOS_DEPLOYMENT_TARGET = 9.3;
				MTL_ENABLE_DEBUG_INFO = NO;
				SDKROOT = iphoneos;
				TARGETED_DEVICE_FAMILY = "1,2";
				VALIDATE_PRODUCT = YES;
			};
			name = Release;
		};
		1496634B1E91B7AA0095D75F /* Debug */ = {
			isa = XCBuildConfiguration;
			buildSettings = {
				ASSETCATALOG_COMPILER_APPICON_NAME = AppIcon;
				INFOPLIST_FILE = "Emoji Dictionary/Info.plist";
				LD_RUNPATH_SEARCH_PATHS = "$(inherited) @executable_path/Frameworks";
				PRODUCT_BUNDLE_IDENTIFIER = "framework1.Emoji-Dictionary";
				PRODUCT_NAME = "$(TARGET_NAME)";
			};
			name = Debug;
		};
		1496634C1E91B7AA0095D75F /* Release */ = {
			isa = XCBuildConfiguration;
			buildSettings = {
				ASSETCATALOG_COMPILER_APPICON_NAME = AppIcon;
				INFOPLIST_FILE = "Emoji Dictionary/Info.plist";
				LD_RUNPATH_SEARCH_PATHS = "$(inherited) @executable_path/Frameworks";
				PRODUCT_BUNDLE_IDENTIFIER = "framework1.Emoji-Dictionary";
				PRODUCT_NAME = "$(TARGET_NAME)";
			};
			name = Release;
		};
/* End XCBuildConfiguration section */

/* Begin XCConfigurationList section */
		149663331E91B7AA0095D75F /* Build configuration list for PBXProject "Emoji Dictionary" */ = {
			isa = XCConfigurationList;
			buildConfigurations = (
				149663481E91B7AA0095D75F /* Debug */,
				149663491E91B7AA0095D75F /* Release */,
			);
			defaultConfigurationIsVisible = 0;
			defaultConfigurationName = Release;
		};
		1496634A1E91B7AA0095D75F /* Build configuration list for PBXNativeTarget "Emoji Dictionary" */ = {
			isa = XCConfigurationList;
			buildConfigurations = (
				1496634B1E91B7AA0095D75F /* Debug */,
				1496634C1E91B7AA0095D75F /* Release */,
			);
			defaultConfigurationIsVisible = 0;
			defaultConfigurationName = Release;
		};
/* End XCConfigurationList section */
	};
	rootObject = 149663301E91B7AA0095D75F /* Project object */;
}
